
Microsoft Visual Studio Solution File, Format Version 12.00
# Visual Studio 14
VisualStudioVersion = 14.0.25420.1
MinimumVisualStudioVersion = 10.0.40219.1
Project("{FAE04EC0-301F-11D3-BF4B-00C04F79EFBC}") = "CK.System.Disposable", "CK.System.Disposable.csproj", "{BFC4D071-1078-46EA-9990-51A8DFACF08F}"
EndProject
Project("{FF286327-C783-4F7A-AB73-9BCBAD0D4460}") = "CK.System.Disposable.NuGet", "..\CK.System.Disposable.NuGet\CK.System.Disposable.NuGet.nuproj", "{345EAD59-4A7A-4AFE-9C2D-01AD12131A42}"
EndProject
Global
	GlobalSection(SolutionConfigurationPlatforms) = preSolution
		Debug|Any CPU = Debug|Any CPU
		Release|Any CPU = Release|Any CPU
	EndGlobalSection
	GlobalSection(ProjectConfigurationPlatforms) = postSolution
		{BFC4D071-1078-46EA-9990-51A8DFACF08F}.Debug|Any CPU.ActiveCfg = Debug|Any CPU
		{BFC4D071-1078-46EA-9990-51A8DFACF08F}.Debug|Any CPU.Build.0 = Debug|Any CPU
		{BFC4D071-1078-46EA-9990-51A8DFACF08F}.Release|Any CPU.ActiveCfg = Release|Any CPU
		{BFC4D071-1078-46EA-9990-51A8DFACF08F}.Release|Any CPU.Build.0 = Release|Any CPU
		{345EAD59-4A7A-4AFE-9C2D-01AD12131A42}.Debug|Any CPU.ActiveCfg = Debug|Any CPU
		{345EAD59-4A7A-4AFE-9C2D-01AD12131A42}.Debug|Any CPU.Build.0 = Debug|Any CPU
		{345EAD59-4A7A-4AFE-9C2D-01AD12131A42}.Release|Any CPU.ActiveCfg = Release|Any CPU
		{345EAD59-4A7A-4AFE-9C2D-01AD12131A42}.Release|Any CPU.Build.0 = Release|Any CPU
	EndGlobalSection
	GlobalSection(SolutionProperties) = preSolution
		HideSolutionNode = FALSE
	EndGlobalSection
EndGlobal
